
Microsoft Visual Studio Solution File, Format Version 12.00
# Visual Studio Version 16
VisualStudioVersion = 16.0.30523.141
MinimumVisualStudioVersion = 10.0.40219.1
Project("{FAE04EC0-301F-11D3-BF4B-00C04F79EFBC}") = "MusicSearchFinal", "MusicSearchFinal\MusicSearchFinal.csproj", "{4B1D93AA-7E86-43AC-B093-FDB01602B10A}"
EndProject
Global
	GlobalSection(SolutionConfigurationPlatforms) = preSolution
		Debug|Any CPU = Debug|Any CPU
		Release|Any CPU = Release|Any CPU
	EndGlobalSection
	GlobalSection(ProjectConfigurationPlatforms) = postSolution
		{4B1D93AA-7E86-43AC-B093-FDB01602B10A}.Debug|Any CPU.ActiveCfg = Debug|Any CPU
		{4B1D93AA-7E86-43AC-B093-FDB01602B10A}.Debug|Any CPU.Build.0 = Debug|Any CPU
		{4B1D93AA-7E86-43AC-B093-FDB01602B10A}.Release|Any CPU.ActiveCfg = Release|Any CPU
		{4B1D93AA-7E86-43AC-B093-FDB01602B10A}.Release|Any CPU.Build.0 = Release|Any CPU
	EndGlobalSection
	GlobalSection(SolutionProperties) = preSolution
		HideSolutionNode = FALSE
	EndGlobalSection
	GlobalSection(ExtensibilityGlobals) = postSolution
		SolutionGuid = {1494F5D5-6566-48D5-9147-121FE9C4800C}
	EndGlobalSection
EndGlobal
